// !$*UTF8*$!
{
	archiveVersion = 1;
	classes = {
	};
	objectVersion = 46;
	objects = {

/* Begin PBXBuildFile section */
		6906E5FE1F185F0700BA018B /* HotSaleTableViewCell.m in Sources */ = {isa = PBXBuildFile; fileRef = 6906E5FD1F185F0700BA018B /* HotSaleTableViewCell.m */; };
		6906E6021F186A6E00BA018B /* HotSaleCollectionViewCell.m in Sources */ = {isa = PBXBuildFile; fileRef = 6906E6011F186A6E00BA018B /* HotSaleCollectionViewCell.m */; };
		6906E6081F189EF900BA018B /* PopMenuView.m in Sources */ = {isa = PBXBuildFile; fileRef = 6906E6071F189EF900BA018B /* PopMenuView.m */; };
		6906E60B1F18A31B00BA018B /* PopMenuModel.m in Sources */ = {isa = PBXBuildFile; fileRef = 6906E60A1F18A31B00BA018B /* PopMenuModel.m */; };
		6906E60F1F18BC7800BA018B /* PopMenuTableViewCell.m in Sources */ = {isa = PBXBuildFile; fileRef = 6906E60D1F18BC7800BA018B /* PopMenuTableViewCell.m */; };
		6906E6101F18BC7800BA018B /* PopMenuTableViewCell.xib in Resources */ = {isa = PBXBuildFile; fileRef = 6906E60E1F18BC7800BA018B /* PopMenuTableViewCell.xib */; };
		6906E6151F1C686100BA018B /* FloorTableViewCell.m in Sources */ = {isa = PBXBuildFile; fileRef = 6906E6141F1C686100BA018B /* FloorTableViewCell.m */; };
		6906E6181F1C99F500BA018B /* FloorCollectionViewCell.m in Sources */ = {isa = PBXBuildFile; fileRef = 6906E6171F1C99F500BA018B /* FloorCollectionViewCell.m */; };
		6906E61B1F1CAF8000BA018B /* VSPCycleView.m in Sources */ = {isa = PBXBuildFile; fileRef = 6906E61A1F1CAF8000BA018B /* VSPCycleView.m */; };
		69093C001F177BAE006D5DBD /* AdvertisementTableViewCell.m in Sources */ = {isa = PBXBuildFile; fileRef = 69093BFF1F177BAE006D5DBD /* AdvertisementTableViewCell.m */; };
		69093C031F177CF9006D5DBD /* AdvertisementCollectionViewCell.m in Sources */ = {isa = PBXBuildFile; fileRef = 69093C021F177CF9006D5DBD /* AdvertisementCollectionViewCell.m */; };
		69308C4D1F17521C00FEA6A9 /* VSPHomepageSearchView.m in Sources */ = {isa = PBXBuildFile; fileRef = 69308C4C1F17521C00FEA6A9 /* VSPHomepageSearchView.m */; };
		69308C4F1F17523700FEA6A9 /* VSPHomepageSearchView.xib in Resources */ = {isa = PBXBuildFile; fileRef = 69308C4E1F17523700FEA6A9 /* VSPHomepageSearchView.xib */; };
		69308C541F1761F100FEA6A9 /* AnnouncementTableViewCell.m in Sources */ = {isa = PBXBuildFile; fileRef = 69308C521F1761F100FEA6A9 /* AnnouncementTableViewCell.m */; };
		69308C551F1761F100FEA6A9 /* AnnouncementTableViewCell.xib in Resources */ = {isa = PBXBuildFile; fileRef = 69308C531F1761F100FEA6A9 /* AnnouncementTableViewCell.xib */; };
		69BD179B1F14B92A0078542D /* main.m in Sources */ = {isa = PBXBuildFile; fileRef = 69BD179A1F14B92A0078542D /* main.m */; };
		69BD179E1F14B92A0078542D /* AppDelegate.m in Sources */ = {isa = PBXBuildFile; fileRef = 69BD179D1F14B92A0078542D /* AppDelegate.m */; };
		69BD17A41F14B92A0078542D /* SecondViewController.m in Sources */ = {isa = PBXBuildFile; fileRef = 69BD17A31F14B92A0078542D /* SecondViewController.m */; };
		69BD17A71F14B92A0078542D /* Main.storyboard in Resources */ = {isa = PBXBuildFile; fileRef = 69BD17A51F14B92A0078542D /* Main.storyboard */; };
		69BD17A91F14B92A0078542D /* Assets.xcassets in Resources */ = {isa = PBXBuildFile; fileRef = 69BD17A81F14B92A0078542D /* Assets.xcassets */; };
		69BD17AC1F14B92A0078542D /* LaunchScreen.storyboard in Resources */ = {isa = PBXBuildFile; fileRef = 69BD17AA1F14B92A0078542D /* LaunchScreen.storyboard */; };
		69BD17BE1F14C7500078542D /* CCCycleScrollView.m in Sources */ = {isa = PBXBuildFile; fileRef = 69BD17BD1F14C7500078542D /* CCCycleScrollView.m */; };
		69BD17C11F14C8480078542D /* HomepageViewController.m in Sources */ = {isa = PBXBuildFile; fileRef = 69BD17C01F14C8480078542D /* HomepageViewController.m */; };
		69BD17C51F174C440078542D /* VSPSaleServiceSearchView.m in Sources */ = {isa = PBXBuildFile; fileRef = 69BD17C31F174C440078542D /* VSPSaleServiceSearchView.m */; };
		69BD17C61F174C440078542D /* VSPSaleServiceSearchView.xib in Resources */ = {isa = PBXBuildFile; fileRef = 69BD17C41F174C440078542D /* VSPSaleServiceSearchView.xib */; };
/* End PBXBuildFile section */

/* Begin PBXFileReference section */
		6906E5FC1F185F0700BA018B /* HotSaleTableViewCell.h */ = {isa = PBXFileReference; fileEncoding = 4; lastKnownFileType = sourcecode.c.h; path = HotSaleTableViewCell.h; sourceTree = "<group>"; };
		6906E5FD1F185F0700BA018B /* HotSaleTableViewCell.m */ = {isa = PBXFileReference; fileEncoding = 4; lastKnownFileType = sourcecode.c.objc; path = HotSaleTableViewCell.m; sourceTree = "<group>"; };
		6906E6001F186A6E00BA018B /* HotSaleCollectionViewCell.h */ = {isa = PBXFileReference; fileEncoding = 4; lastKnownFileType = sourcecode.c.h; path = HotSaleCollectionViewCell.h; sourceTree = "<group>"; };
		6906E6011F186A6E00BA018B /* HotSaleCollectionViewCell.m */ = {isa = PBXFileReference; fileEncoding = 4; lastKnownFileType = sourcecode.c.objc; path = HotSaleCollectionViewCell.m; sourceTree = "<group>"; };
		6906E6061F189EF900BA018B /* PopMenuView.h */ = {isa = PBXFileReference; fileEncoding = 4; lastKnownFileType = sourcecode.c.h; path = PopMenuView.h; sourceTree = "<group>"; };
		6906E6071F189EF900BA018B /* PopMenuView.m */ = {isa = PBXFileReference; fileEncoding = 4; lastKnownFileType = sourcecode.c.objc; path = PopMenuView.m; sourceTree = "<group>"; };
		6906E6091F18A31B00BA018B /* PopMenuModel.h */ = {isa = PBXFileReference; fileEncoding = 4; lastKnownFileType = sourcecode.c.h; path = PopMenuModel.h; sourceTree = "<group>"; };
		6906E60A1F18A31B00BA018B /* PopMenuModel.m */ = {isa = PBXFileReference; fileEncoding = 4; lastKnownFileType = sourcecode.c.objc; path = PopMenuModel.m; sourceTree = "<group>"; };
		6906E60C1F18BC7800BA018B /* PopMenuTableViewCell.h */ = {isa = PBXFileReference; fileEncoding = 4; lastKnownFileType = sourcecode.c.h; path = PopMenuTableViewCell.h; sourceTree = "<group>"; };
		6906E60D1F18BC7800BA018B /* PopMenuTableViewCell.m */ = {isa = PBXFileReference; fileEncoding = 4; lastKnownFileType = sourcecode.c.objc; path = PopMenuTableViewCell.m; sourceTree = "<group>"; };
		6906E60E1F18BC7800BA018B /* PopMenuTableViewCell.xib */ = {isa = PBXFileReference; fileEncoding = 4; lastKnownFileType = file.xib; path = PopMenuTableViewCell.xib; sourceTree = "<group>"; };
		6906E6131F1C686100BA018B /* FloorTableViewCell.h */ = {isa = PBXFileReference; fileEncoding = 4; lastKnownFileType = sourcecode.c.h; path = FloorTableViewCell.h; sourceTree = "<group>"; };
		6906E6141F1C686100BA018B /* FloorTableViewCell.m */ = {isa = PBXFileReference; fileEncoding = 4; lastKnownFileType = sourcecode.c.objc; path = FloorTableViewCell.m; sourceTree = "<group>"; };
		6906E6161F1C99F500BA018B /* FloorCollectionViewCell.h */ = {isa = PBXFileReference; fileEncoding = 4; lastKnownFileType = sourcecode.c.h; path = FloorCollectionViewCell.h; sourceTree = "<group>"; };
		6906E6171F1C99F500BA018B /* FloorCollectionViewCell.m */ = {isa = PBXFileReference; fileEncoding = 4; lastKnownFileType = sourcecode.c.objc; path = FloorCollectionViewCell.m; sourceTree = "<group>"; };
		6906E6191F1CAF8000BA018B /* VSPCycleView.h */ = {isa = PBXFileReference; fileEncoding = 4; lastKnownFileType = sourcecode.c.h; path = VSPCycleView.h; sourceTree = "<group>"; };
		6906E61A1F1CAF8000BA018B /* VSPCycleView.m */ = {isa = PBXFileReference; fileEncoding = 4; lastKnownFileType = sourcecode.c.objc; path = VSPCycleView.m; sourceTree = "<group>"; };
		69093BFE1F177BAE006D5DBD /* AdvertisementTableViewCell.h */ = {isa = PBXFileReference; fileEncoding = 4; lastKnownFileType = sourcecode.c.h; path = AdvertisementTableViewCell.h; sourceTree = "<group>"; };
		69093BFF1F177BAE006D5DBD /* AdvertisementTableViewCell.m */ = {isa = PBXFileReference; fileEncoding = 4; lastKnownFileType = sourcecode.c.objc; path = AdvertisementTableViewCell.m; sourceTree = "<group>"; };
		69093C011F177CF9006D5DBD /* AdvertisementCollectionViewCell.h */ = {isa = PBXFileReference; fileEncoding = 4; lastKnownFileType = sourcecode.c.h; path = AdvertisementCollectionViewCell.h; sourceTree = "<group>"; };
		69093C021F177CF9006D5DBD /* AdvertisementCollectionViewCell.m */ = {isa = PBXFileReference; fileEncoding = 4; lastKnownFileType = sourcecode.c.objc; path = AdvertisementCollectionViewCell.m; sourceTree = "<group>"; };
		69308C4B1F17521C00FEA6A9 /* VSPHomepageSearchView.h */ = {isa = PBXFileReference; fileEncoding = 4; lastKnownFileType = sourcecode.c.h; path = VSPHomepageSearchView.h; sourceTree = "<group>"; };
		69308C4C1F17521C00FEA6A9 /* VSPHomepageSearchView.m */ = {isa = PBXFileReference; fileEncoding = 4; lastKnownFileType = sourcecode.c.objc; path = VSPHomepageSearchView.m; sourceTree = "<group>"; };
		69308C4E1F17523700FEA6A9 /* VSPHomepageSearchView.xib */ = {isa = PBXFileReference; fileEncoding = 4; lastKnownFileType = file.xib; path = VSPHomepageSearchView.xib; sourceTree = "<group>"; };
		69308C511F1761F100FEA6A9 /* AnnouncementTableViewCell.h */ = {isa = PBXFileReference; fileEncoding = 4; lastKnownFileType = sourcecode.c.h; path = AnnouncementTableViewCell.h; sourceTree = "<group>"; };
		69308C521F1761F100FEA6A9 /* AnnouncementTableViewCell.m */ = {isa = PBXFileReference; fileEncoding = 4; lastKnownFileType = sourcecode.c.objc; path = AnnouncementTableViewCell.m; sourceTree = "<group>"; };
		69308C531F1761F100FEA6A9 /* AnnouncementTableViewCell.xib */ = {isa = PBXFileReference; fileEncoding = 4; lastKnownFileType = file.xib; path = AnnouncementTableViewCell.xib; sourceTree = "<group>"; };
		69BD17961F14B92A0078542D /* VSP.app */ = {isa = PBXFileReference; explicitFileType = wrapper.application; includeInIndex = 0; path = VSP.app; sourceTree = BUILT_PRODUCTS_DIR; };
		69BD179A1F14B92A0078542D /* main.m */ = {isa = PBXFileReference; lastKnownFileType = sourcecode.c.objc; path = main.m; sourceTree = "<group>"; };
		69BD179C1F14B92A0078542D /* AppDelegate.h */ = {isa = PBXFileReference; lastKnownFileType = sourcecode.c.h; path = AppDelegate.h; sourceTree = "<group>"; };
		69BD179D1F14B92A0078542D /* AppDelegate.m */ = {isa = PBXFileReference; lastKnownFileType = sourcecode.c.objc; path = AppDelegate.m; sourceTree = "<group>"; };
		69BD17A21F14B92A0078542D /* SecondViewController.h */ = {isa = PBXFileReference; lastKnownFileType = sourcecode.c.h; path = SecondViewController.h; sourceTree = "<group>"; };
		69BD17A31F14B92A0078542D /* SecondViewController.m */ = {isa = PBXFileReference; lastKnownFileType = sourcecode.c.objc; path = SecondViewController.m; sourceTree = "<group>"; };
		69BD17A61F14B92A0078542D /* Base */ = {isa = PBXFileReference; lastKnownFileType = file.storyboard; name = Base; path = Base.lproj/Main.storyboard; sourceTree = "<group>"; };
		69BD17A81F14B92A0078542D /* Assets.xcassets */ = {isa = PBXFileReference; lastKnownFileType = folder.assetcatalog; path = Assets.xcassets; sourceTree = "<group>"; };
		69BD17AB1F14B92A0078542D /* Base */ = {isa = PBXFileReference; lastKnownFileType = file.storyboard; name = Base; path = Base.lproj/LaunchScreen.storyboard; sourceTree = "<group>"; };
		69BD17AD1F14B92A0078542D /* Info.plist */ = {isa = PBXFileReference; lastKnownFileType = text.plist.xml; path = Info.plist; sourceTree = "<group>"; };
		69BD17BC1F14C7500078542D /* CCCycleScrollView.h */ = {isa = PBXFileReference; fileEncoding = 4; lastKnownFileType = sourcecode.c.h; path = CCCycleScrollView.h; sourceTree = "<group>"; };
		69BD17BD1F14C7500078542D /* CCCycleScrollView.m */ = {isa = PBXFileReference; fileEncoding = 4; lastKnownFileType = sourcecode.c.objc; path = CCCycleScrollView.m; sourceTree = "<group>"; };
		69BD17BF1F14C8480078542D /* HomepageViewController.h */ = {isa = PBXFileReference; fileEncoding = 4; lastKnownFileType = sourcecode.c.h; path = HomepageViewController.h; sourceTree = "<group>"; };
		69BD17C01F14C8480078542D /* HomepageViewController.m */ = {isa = PBXFileReference; fileEncoding = 4; lastKnownFileType = sourcecode.c.objc; path = HomepageViewController.m; sourceTree = "<group>"; };
		69BD17C21F174C440078542D /* VSPSaleServiceSearchView.h */ = {isa = PBXFileReference; fileEncoding = 4; lastKnownFileType = sourcecode.c.h; path = VSPSaleServiceSearchView.h; sourceTree = "<group>"; };
		69BD17C31F174C440078542D /* VSPSaleServiceSearchView.m */ = {isa = PBXFileReference; fileEncoding = 4; lastKnownFileType = sourcecode.c.objc; path = VSPSaleServiceSearchView.m; sourceTree = "<group>"; };
		69BD17C41F174C440078542D /* VSPSaleServiceSearchView.xib */ = {isa = PBXFileReference; fileEncoding = 4; lastKnownFileType = file.xib; path = VSPSaleServiceSearchView.xib; sourceTree = "<group>"; };
/* End PBXFileReference section */

/* Begin PBXFrameworksBuildPhase section */
		69BD17931F14B92A0078542D /* Frameworks */ = {
			isa = PBXFrameworksBuildPhase;
			buildActionMask = 2147483647;
			files = (
			);
			runOnlyForDeploymentPostprocessing = 0;
		};
/* End PBXFrameworksBuildPhase section */

/* Begin PBXGroup section */
		6906E5FA1F185E8800BA018B /* Announcement */ = {
			isa = PBXGroup;
			children = (
				69308C511F1761F100FEA6A9 /* AnnouncementTableViewCell.h */,
				69308C521F1761F100FEA6A9 /* AnnouncementTableViewCell.m */,
				69308C531F1761F100FEA6A9 /* AnnouncementTableViewCell.xib */,
			);
			name = Announcement;
			sourceTree = "<group>";
		};
		6906E5FB1F185E9F00BA018B /* Advertisement */ = {
			isa = PBXGroup;
			children = (
				69093BFE1F177BAE006D5DBD /* AdvertisementTableViewCell.h */,
				69093BFF1F177BAE006D5DBD /* AdvertisementTableViewCell.m */,
				69093C011F177CF9006D5DBD /* AdvertisementCollectionViewCell.h */,
				69093C021F177CF9006D5DBD /* AdvertisementCollectionViewCell.m */,
			);
			name = Advertisement;
			sourceTree = "<group>";
		};
		6906E5FF1F185F3600BA018B /* HotSale */ = {
			isa = PBXGroup;
			children = (
				6906E5FC1F185F0700BA018B /* HotSaleTableViewCell.h */,
				6906E5FD1F185F0700BA018B /* HotSaleTableViewCell.m */,
				6906E6001F186A6E00BA018B /* HotSaleCollectionViewCell.h */,
				6906E6011F186A6E00BA018B /* HotSaleCollectionViewCell.m */,
			);
			name = HotSale;
			sourceTree = "<group>";
		};
		6906E6031F186D3C00BA018B /* SearchNav */ = {
			isa = PBXGroup;
			children = (
				69308C4B1F17521C00FEA6A9 /* VSPHomepageSearchView.h */,
				69308C4C1F17521C00FEA6A9 /* VSPHomepageSearchView.m */,
				69308C4E1F17523700FEA6A9 /* VSPHomepageSearchView.xib */,
			);
			name = SearchNav;
			sourceTree = "<group>";
		};
		6906E6051F189C1500BA018B /* PopMenuView */ = {
			isa = PBXGroup;
			children = (
				6906E6061F189EF900BA018B /* PopMenuView.h */,
				6906E6071F189EF900BA018B /* PopMenuView.m */,
				6906E60C1F18BC7800BA018B /* PopMenuTableViewCell.h */,
				6906E60D1F18BC7800BA018B /* PopMenuTableViewCell.m */,
				6906E60E1F18BC7800BA018B /* PopMenuTableViewCell.xib */,
				6906E6091F18A31B00BA018B /* PopMenuModel.h */,
				6906E60A1F18A31B00BA018B /* PopMenuModel.m */,
			);
			path = PopMenuView;
			sourceTree = "<group>";
		};
		6906E6121F1C681500BA018B /* Floor */ = {
			isa = PBXGroup;
			children = (
				6906E6131F1C686100BA018B /* FloorTableViewCell.h */,
				6906E6141F1C686100BA018B /* FloorTableViewCell.m */,
				6906E6161F1C99F500BA018B /* FloorCollectionViewCell.h */,
				6906E6171F1C99F500BA018B /* FloorCollectionViewCell.m */,
			);
			name = Floor;
			sourceTree = "<group>";
		};
		69308C501F17601000FEA6A9 /* Cells */ = {
			isa = PBXGroup;
			children = (
				6906E6121F1C681500BA018B /* Floor */,
				6906E5FA1F185E8800BA018B /* Announcement */,
				6906E5FB1F185E9F00BA018B /* Advertisement */,
				6906E5FF1F185F3600BA018B /* HotSale */,
			);
			path = Cells;
			sourceTree = "<group>";
		};
		69BD178D1F14B92A0078542D = {
			isa = PBXGroup;
			children = (
				69BD17981F14B92A0078542D /* VSP */,
				69BD17971F14B92A0078542D /* Products */,
			);
			sourceTree = "<group>";
		};
		69BD17971F14B92A0078542D /* Products */ = {
			isa = PBXGroup;
			children = (
				69BD17961F14B92A0078542D /* VSP.app */,
			);
			name = Products;
			sourceTree = "<group>";
		};
		69BD17981F14B92A0078542D /* VSP */ = {
			isa = PBXGroup;
			children = (
				69BD179C1F14B92A0078542D /* AppDelegate.h */,
				69BD179D1F14B92A0078542D /* AppDelegate.m */,
				69BD17BF1F14C8480078542D /* HomepageViewController.h */,
				69BD17C01F14C8480078542D /* HomepageViewController.m */,
				69BD17A21F14B92A0078542D /* SecondViewController.h */,
				69BD17A31F14B92A0078542D /* SecondViewController.m */,
				69BD17A51F14B92A0078542D /* Main.storyboard */,
				69BD17A81F14B92A0078542D /* Assets.xcassets */,
				69BD17AA1F14B92A0078542D /* LaunchScreen.storyboard */,
				69BD17AD1F14B92A0078542D /* Info.plist */,
				69BD17B31F14B9B70078542D /* HomepageViews */,
				69BD17991F14B92A0078542D /* Supporting Files */,
			);
			path = VSP;
			sourceTree = "<group>";
		};
		69BD17991F14B92A0078542D /* Supporting Files */ = {
			isa = PBXGroup;
			children = (
				69BD179A1F14B92A0078542D /* main.m */,
			);
			name = "Supporting Files";
			sourceTree = "<group>";
		};
		69BD17B31F14B9B70078542D /* HomepageViews */ = {
			isa = PBXGroup;
			children = (
				6906E6191F1CAF8000BA018B /* VSPCycleView.h */,
				6906E61A1F1CAF8000BA018B /* VSPCycleView.m */,
				69BD17BC1F14C7500078542D /* CCCycleScrollView.h */,
				69BD17BD1F14C7500078542D /* CCCycleScrollView.m */,
				69BD17C21F174C440078542D /* VSPSaleServiceSearchView.h */,
				69BD17C31F174C440078542D /* VSPSaleServiceSearchView.m */,
				69BD17C41F174C440078542D /* VSPSaleServiceSearchView.xib */,
				6906E6051F189C1500BA018B /* PopMenuView */,
				6906E6031F186D3C00BA018B /* SearchNav */,
				69308C501F17601000FEA6A9 /* Cells */,
			);
			path = HomepageViews;
			sourceTree = "<group>";
		};
/* End PBXGroup section */

/* Begin PBXNativeTarget section */
		69BD17951F14B92A0078542D /* VSP */ = {
			isa = PBXNativeTarget;
			buildConfigurationList = 69BD17B01F14B92A0078542D /* Build configuration list for PBXNativeTarget "VSP" */;
			buildPhases = (
				69BD17921F14B92A0078542D /* Sources */,
				69BD17931F14B92A0078542D /* Frameworks */,
				69BD17941F14B92A0078542D /* Resources */,
			);
			buildRules = (
			);
			dependencies = (
			);
			name = VSP;
			productName = VSP;
			productReference = 69BD17961F14B92A0078542D /* VSP.app */;
			productType = "com.apple.product-type.application";
		};
/* End PBXNativeTarget section */

/* Begin PBXProject section */
		69BD178E1F14B92A0078542D /* Project object */ = {
			isa = PBXProject;
			attributes = {
				LastUpgradeCheck = 0830;
				ORGANIZATIONNAME = FighterRay;
				TargetAttributes = {
					69BD17951F14B92A0078542D = {
						CreatedOnToolsVersion = 8.3.3;
						ProvisioningStyle = Automatic;
					};
				};
			};
			buildConfigurationList = 69BD17911F14B92A0078542D /* Build configuration list for PBXProject "VSP" */;
			compatibilityVersion = "Xcode 3.2";
			developmentRegion = English;
			hasScannedForEncodings = 0;
			knownRegions = (
				en,
				Base,
			);
			mainGroup = 69BD178D1F14B92A0078542D;
			productRefGroup = 69BD17971F14B92A0078542D /* Products */;
			projectDirPath = "";
			projectRoot = "";
			targets = (
				69BD17951F14B92A0078542D /* VSP */,
			);
		};
/* End PBXProject section */

/* Begin PBXResourcesBuildPhase section */
		69BD17941F14B92A0078542D /* Resources */ = {
			isa = PBXResourcesBuildPhase;
			buildActionMask = 2147483647;
			files = (
				6906E6101F18BC7800BA018B /* PopMenuTableViewCell.xib in Resources */,
				69BD17AC1F14B92A0078542D /* LaunchScreen.storyboard in Resources */,
				69308C4F1F17523700FEA6A9 /* VSPHomepageSearchView.xib in Resources */,
				69308C551F1761F100FEA6A9 /* AnnouncementTableViewCell.xib in Resources */,
				69BD17A91F14B92A0078542D /* Assets.xcassets in Resources */,
				69BD17A71F14B92A0078542D /* Main.storyboard in Resources */,
				69BD17C61F174C440078542D /* VSPSaleServiceSearchView.xib in Resources */,
			);
			runOnlyForDeploymentPostprocessing = 0;
		};
/* End PBXResourcesBuildPhase section */

/* Begin PBXSourcesBuildPhase section */
		69BD17921F14B92A0078542D /* Sources */ = {
			isa = PBXSourcesBuildPhase;
			buildActionMask = 2147483647;
			files = (
				6906E5FE1F185F0700BA018B /* HotSaleTableViewCell.m in Sources */,
				69BD17A41F14B92A0078542D /* SecondViewController.m in Sources */,
				69093C001F177BAE006D5DBD /* AdvertisementTableViewCell.m in Sources */,
				6906E61B1F1CAF8000BA018B /* VSPCycleView.m in Sources */,
				69BD17C51F174C440078542D /* VSPSaleServiceSearchView.m in Sources */,
				6906E60B1F18A31B00BA018B /* PopMenuModel.m in Sources */,
				69308C541F1761F100FEA6A9 /* AnnouncementTableViewCell.m in Sources */,
				69308C4D1F17521C00FEA6A9 /* VSPHomepageSearchView.m in Sources */,
				69BD179E1F14B92A0078542D /* AppDelegate.m in Sources */,
				6906E60F1F18BC7800BA018B /* PopMenuTableViewCell.m in Sources */,
				69BD17BE1F14C7500078542D /* CCCycleScrollView.m in Sources */,
				6906E6151F1C686100BA018B /* FloorTableViewCell.m in Sources */,
				6906E6081F189EF900BA018B /* PopMenuView.m in Sources */,
				69093C031F177CF9006D5DBD /* AdvertisementCollectionViewCell.m in Sources */,
				6906E6021F186A6E00BA018B /* HotSaleCollectionViewCell.m in Sources */,
				6906E6181F1C99F500BA018B /* FloorCollectionViewCell.m in Sources */,
				69BD17C11F14C8480078542D /* HomepageViewController.m in Sources */,
				69BD179B1F14B92A0078542D /* main.m in Sources */,
			);
			runOnlyForDeploymentPostprocessing = 0;
		};
/* End PBXSourcesBuildPhase section */

/* Begin PBXVariantGroup section */
		69BD17A51F14B92A0078542D /* Main.storyboard */ = {
			isa = PBXVariantGroup;
			children = (
				69BD17A61F14B92A0078542D /* Base */,
			);
			name = Main.storyboard;
			sourceTree = "<group>";
		};
		69BD17AA1F14B92A0078542D /* LaunchScreen.storyboard */ = {
			isa = PBXVariantGroup;
			children = (
				69BD17AB1F14B92A0078542D /* Base */,
			);
			name = LaunchScreen.storyboard;
			sourceTree = "<group>";
		};
/* End PBXVariantGroup section */

/* Begin XCBuildConfiguration section */
		69BD17AE1F14B92A0078542D /* Debug */ = {
			isa = XCBuildConfiguration;
			buildSettings = {
				ALWAYS_SEARCH_USER_PATHS = NO;
				CLANG_ANALYZER_NONNULL = YES;
				CLANG_ANALYZER_NUMBER_OBJECT_CONVERSION = YES_AGGRESSIVE;
				CLANG_CXX_LANGUAGE_STANDARD = "gnu++0x";
				CLANG_CXX_LIBRARY = "libc++";
				CLANG_ENABLE_MODULES = YES;
				CLANG_ENABLE_OBJC_ARC = YES;
				CLANG_WARN_BOOL_CONVERSION = YES;
				CLANG_WARN_CONSTANT_CONVERSION = YES;
				CLANG_WARN_DIRECT_OBJC_ISA_USAGE = YES_ERROR;
				CLANG_WARN_DOCUMENTATION_COMMENTS = YES;
				CLANG_WARN_EMPTY_BODY = YES;
				CLANG_WARN_ENUM_CONVERSION = YES;
				CLANG_WARN_INFINITE_RECURSION = YES;
				CLANG_WARN_INT_CONVERSION = YES;
				CLANG_WARN_OBJC_ROOT_CLASS = YES_ERROR;
				CLANG_WARN_SUSPICIOUS_MOVE = YES;
				CLANG_WARN_UNREACHABLE_CODE = YES;
				CLANG_WARN__DUPLICATE_METHOD_MATCH = YES;
				"CODE_SIGN_IDENTITY[sdk=iphoneos*]" = "iPhone Developer";
				COPY_PHASE_STRIP = NO;
				DEBUG_INFORMATION_FORMAT = dwarf;
				ENABLE_STRICT_OBJC_MSGSEND = YES;
				ENABLE_TESTABILITY = YES;
				GCC_C_LANGUAGE_STANDARD = gnu99;
				GCC_DYNAMIC_NO_PIC = NO;
				GCC_NO_COMMON_BLOCKS = YES;
				GCC_OPTIMIZATION_LEVEL = 0;
				GCC_PREPROCESSOR_DEFINITIONS = (
					"DEBUG=1",
					"$(inherited)",
				);
				GCC_WARN_64_TO_32_BIT_CONVERSION = YES;
				GCC_WARN_ABOUT_RETURN_TYPE = YES_ERROR;
				GCC_WARN_UNDECLARED_SELECTOR = YES;
				GCC_WARN_UNINITIALIZED_AUTOS = YES_AGGRESSIVE;
				GCC_WARN_UNUSED_FUNCTION = YES;
				GCC_WARN_UNUSED_VARIABLE = YES;
				IPHONEOS_DEPLOYMENT_TARGET = 10.3;
				MTL_ENABLE_DEBUG_INFO = YES;
				ONLY_ACTIVE_ARCH = YES;
				SDKROOT = iphoneos;
				TARGETED_DEVICE_FAMILY = "1,2";
			};
			name = Debug;
		};
		69BD17AF1F14B92A0078542D /* Release */ = {
			isa = XCBuildConfiguration;
			buildSettings = {
				ALWAYS_SEARCH_USER_PATHS = NO;
				CLANG_ANALYZER_NONNULL = YES;
				CLANG_ANALYZER_NUMBER_OBJECT_CONVERSION = YES_AGGRESSIVE;
				CLANG_CXX_LANGUAGE_STANDARD = "gnu++0x";
				CLANG_CXX_LIBRARY = "libc++";
				CLANG_ENABLE_MODULES = YES;
				CLANG_ENABLE_OBJC_ARC = YES;
				CLANG_WARN_BOOL_CONVERSION = YES;
				CLANG_WARN_CONSTANT_CONVERSION = YES;
				CLANG_WARN_DIRECT_OBJC_ISA_USAGE = YES_ERROR;
				CLANG_WARN_DOCUMENTATION_COMMENTS = YES;
				CLANG_WARN_EMPTY_BODY = YES;
				CLANG_WARN_ENUM_CONVERSION = YES;
				CLANG_WARN_INFINITE_RECURSION = YES;
				CLANG_WARN_INT_CONVERSION = YES;
				CLANG_WARN_OBJC_ROOT_CLASS = YES_ERROR;
				CLANG_WARN_SUSPICIOUS_MOVE = YES;
				CLANG_WARN_UNREACHABLE_CODE = YES;
				CLANG_WARN__DUPLICATE_METHOD_MATCH = YES;
				"CODE_SIGN_IDENTITY[sdk=iphoneos*]" = "iPhone Developer";
				COPY_PHASE_STRIP = NO;
				DEBUG_INFORMATION_FORMAT = "dwarf-with-dsym";
				ENABLE_NS_ASSERTIONS = NO;
				ENABLE_STRICT_OBJC_MSGSEND = YES;
				GCC_C_LANGUAGE_STANDARD = gnu99;
				GCC_NO_COMMON_BLOCKS = YES;
				GCC_WARN_64_TO_32_BIT_CONVERSION = YES;
				GCC_WARN_ABOUT_RETURN_TYPE = YES_ERROR;
				GCC_WARN_UNDECLARED_SELECTOR = YES;
				GCC_WARN_UNINITIALIZED_AUTOS = YES_AGGRESSIVE;
				GCC_WARN_UNUSED_FUNCTION = YES;
				GCC_WARN_UNUSED_VARIABLE = YES;
				IPHONEOS_DEPLOYMENT_TARGET = 10.3;
				MTL_ENABLE_DEBUG_INFO = NO;
				SDKROOT = iphoneos;
				TARGETED_DEVICE_FAMILY = "1,2";
				VALIDATE_PRODUCT = YES;
			};
			name = Release;
		};
		69BD17B11F14B92A0078542D /* Debug */ = {
			isa = XCBuildConfiguration;
			buildSettings = {
				ASSETCATALOG_COMPILER_APPICON_NAME = AppIcon;
				INFOPLIST_FILE = VSP/Info.plist;
				LD_RUNPATH_SEARCH_PATHS = "$(inherited) @executable_path/Frameworks";
				PRODUCT_BUNDLE_IDENTIFIER = com.fighterray.VSP;
				PRODUCT_NAME = "$(TARGET_NAME)";
			};
			name = Debug;
		};
		69BD17B21F14B92A0078542D /* Release */ = {
			isa = XCBuildConfiguration;
			buildSettings = {
				ASSETCATALOG_COMPILER_APPICON_NAME = AppIcon;
				INFOPLIST_FILE = VSP/Info.plist;
				LD_RUNPATH_SEARCH_PATHS = "$(inherited) @executable_path/Frameworks";
				PRODUCT_BUNDLE_IDENTIFIER = com.fighterray.VSP;
				PRODUCT_NAME = "$(TARGET_NAME)";
			};
			name = Release;
		};
/* End XCBuildConfiguration section */

/* Begin XCConfigurationList section */
		69BD17911F14B92A0078542D /* Build configuration list for PBXProject "VSP" */ = {
			isa = XCConfigurationList;
			buildConfigurations = (
				69BD17AE1F14B92A0078542D /* Debug */,
				69BD17AF1F14B92A0078542D /* Release */,
			);
			defaultConfigurationIsVisible = 0;
			defaultConfigurationName = Release;
		};
		69BD17B01F14B92A0078542D /* Build configuration list for PBXNativeTarget "VSP" */ = {
			isa = XCConfigurationList;
			buildConfigurations = (
				69BD17B11F14B92A0078542D /* Debug */,
				69BD17B21F14B92A0078542D /* Release */,
			);
			defaultConfigurationIsVisible = 0;
			defaultConfigurationName = Release;
		};
/* End XCConfigurationList section */
	};
	rootObject = 69BD178E1F14B92A0078542D /* Project object */;
}
